
Microsoft Visual Studio Solution File, Format Version 12.00
# Visual Studio 15
VisualStudioVersion = 15.0.28010.2016
MinimumVisualStudioVersion = 10.0.40219.1
Project("{FAE04EC0-301F-11D3-BF4B-00C04F79EFBC}") = "HA4WIN", "HA4WIN.csproj", "{A0448170-A70A-4254-94B2-2FA768EAE80A}"
EndProject
Global
	GlobalSection(SolutionConfigurationPlatforms) = preSolution
		Debug|Any CPU = Debug|Any CPU
		Release|Any CPU = Release|Any CPU
	EndGlobalSection
	GlobalSection(ProjectConfigurationPlatforms) = postSolution
		{A0448170-A70A-4254-94B2-2FA768EAE80A}.Debug|Any CPU.ActiveCfg = Debug|Any CPU
		{A0448170-A70A-4254-94B2-2FA768EAE80A}.Debug|Any CPU.Build.0 = Debug|Any CPU
		{A0448170-A70A-4254-94B2-2FA768EAE80A}.Release|Any CPU.ActiveCfg = Release|Any CPU
		{A0448170-A70A-4254-94B2-2FA768EAE80A}.Release|Any CPU.Build.0 = Release|Any CPU
	EndGlobalSection
	GlobalSection(SolutionProperties) = preSolution
		HideSolutionNode = FALSE
	EndGlobalSection
	GlobalSection(ExtensibilityGlobals) = postSolution
		SolutionGuid = {EA3817B6-996E-4A4A-8B15-D6BCEE9ED2C6}
	EndGlobalSection
EndGlobal
